// !$*UTF8*$!
{
	archiveVersion = 1;
	classes = {
	};
	objectVersion = 46;
	objects = {

/* Begin PBXBuildFile section */
		F0485A291DB1353900DBCFE2 /* copt.ttf in Resources */ = {isa = PBXBuildFile; fileRef = F0485A281DB1353900DBCFE2 /* copt.ttf */; };
		F0485A2A1DB1353900DBCFE2 /* copt.ttf in Resources */ = {isa = PBXBuildFile; fileRef = F0485A281DB1353900DBCFE2 /* copt.ttf */; };
		F0485A2B1DB1353900DBCFE2 /* copt.ttf in Resources */ = {isa = PBXBuildFile; fileRef = F0485A281DB1353900DBCFE2 /* copt.ttf */; };
		F0524DFA1DB682EF0066B075 /* AVFoundation.framework in Frameworks */ = {isa = PBXBuildFile; fileRef = F0524DF91DB682EF0066B075 /* AVFoundation.framework */; };
		F0524DFC1DB6B43C0066B075 /* apaheet.mp3 in Resources */ = {isa = PBXBuildFile; fileRef = F0524DFB1DB6B43C0066B075 /* apaheet.mp3 */; };
		F0524DFE1DB837E60066B075 /* Main.storyboard in Resources */ = {isa = PBXBuildFile; fileRef = F0524DFD1DB837E60066B075 /* Main.storyboard */; };
		F0524E021DB88F1B0066B075 /* AlhanSQL.sqlite in Resources */ = {isa = PBXBuildFile; fileRef = F0524E011DB88F1B0066B075 /* AlhanSQL.sqlite */; };
		F067AC3F1DB96A01005BDAD0 /* FileUtils.swift in Sources */ = {isa = PBXBuildFile; fileRef = F067AC3E1DB96A01005BDAD0 /* FileUtils.swift */; };
		F06927DC1DA86AD000A94BB9 /* SeasonDetailViewController.swift in Sources */ = {isa = PBXBuildFile; fileRef = F06927DB1DA86AD000A94BB9 /* SeasonDetailViewController.swift */; };
		F07790331DB5A53E001B3376 /* Constants.swift in Sources */ = {isa = PBXBuildFile; fileRef = F07790321DB5A53E001B3376 /* Constants.swift */; };
		F09F3C091DBA91660019153A /* AlhanPlayer.swift in Sources */ = {isa = PBXBuildFile; fileRef = F09F3C081DBA91660019153A /* AlhanPlayer.swift */; };
		F0E3E80C1DADDFFD00174D91 /* HymnDetailViewController.swift in Sources */ = {isa = PBXBuildFile; fileRef = F0E3E80B1DADDFFD00174D91 /* HymnDetailViewController.swift */; };
		F0E3E8131DADECC900174D91 /* libsqlite3.0.tbd in Frameworks */ = {isa = PBXBuildFile; fileRef = F0E3E8071DAC019100174D91 /* libsqlite3.0.tbd */; };
		F0E3E82A1DB008EC00174D91 /* DBManager.swift in Sources */ = {isa = PBXBuildFile; fileRef = F0E3E8291DB008EC00174D91 /* DBManager.swift */; };
		F0E3E8381DB03E5400174D91 /* FMDatabaseQueue.m in Sources */ = {isa = PBXBuildFile; fileRef = F0E3E82E1DB03E5400174D91 /* FMDatabaseQueue.m */; };
		F0E3E8391DB03E5400174D91 /* FMResultSet.m in Sources */ = {isa = PBXBuildFile; fileRef = F0E3E8301DB03E5400174D91 /* FMResultSet.m */; };
		F0E3E83A1DB03E5400174D91 /* FMDatabase.m in Sources */ = {isa = PBXBuildFile; fileRef = F0E3E8321DB03E5400174D91 /* FMDatabase.m */; };
		F0E3E83B1DB03E5400174D91 /* FMDatabaseAdditions.m in Sources */ = {isa = PBXBuildFile; fileRef = F0E3E8341DB03E5400174D91 /* FMDatabaseAdditions.m */; };
		F0E3E83C1DB03E5400174D91 /* FMDatabasePool.m in Sources */ = {isa = PBXBuildFile; fileRef = F0E3E8361DB03E5400174D91 /* FMDatabasePool.m */; };
		F0E65F7B1DA6FC2000A96A69 /* AppDelegate.swift in Sources */ = {isa = PBXBuildFile; fileRef = F0E65F7A1DA6FC2000A96A69 /* AppDelegate.swift */; };
		F0E65F821DA6FC2100A96A69 /* Assets.xcassets in Resources */ = {isa = PBXBuildFile; fileRef = F0E65F811DA6FC2100A96A69 /* Assets.xcassets */; };
		F0E65F851DA6FC2100A96A69 /* LaunchScreen.storyboard in Resources */ = {isa = PBXBuildFile; fileRef = F0E65F831DA6FC2100A96A69 /* LaunchScreen.storyboard */; };
		F0E65F901DA6FC2100A96A69 /* iAlhanNewTests.swift in Sources */ = {isa = PBXBuildFile; fileRef = F0E65F8F1DA6FC2100A96A69 /* iAlhanNewTests.swift */; };
		F0E65F9B1DA6FC2100A96A69 /* iAlhanNewUITests.swift in Sources */ = {isa = PBXBuildFile; fileRef = F0E65F9A1DA6FC2100A96A69 /* iAlhanNewUITests.swift */; };
		F0E65FAB1DA810D100A96A69 /* SeasonViewController.swift in Sources */ = {isa = PBXBuildFile; fileRef = F0E65FAA1DA810D100A96A69 /* SeasonViewController.swift */; };
/* End PBXBuildFile section */

/* Begin PBXContainerItemProxy section */
		F0E65F8C1DA6FC2100A96A69 /* PBXContainerItemProxy */ = {
			isa = PBXContainerItemProxy;
			containerPortal = F0E65F6F1DA6FC2000A96A69 /* Project object */;
			proxyType = 1;
			remoteGlobalIDString = F0E65F761DA6FC2000A96A69;
			remoteInfo = iAlhanNew;
		};
		F0E65F971DA6FC2100A96A69 /* PBXContainerItemProxy */ = {
			isa = PBXContainerItemProxy;
			containerPortal = F0E65F6F1DA6FC2000A96A69 /* Project object */;
			proxyType = 1;
			remoteGlobalIDString = F0E65F761DA6FC2000A96A69;
			remoteInfo = iAlhanNew;
		};
/* End PBXContainerItemProxy section */

/* Begin PBXFileReference section */
		F0485A281DB1353900DBCFE2 /* copt.ttf */ = {isa = PBXFileReference; lastKnownFileType = file; name = copt.ttf; path = ../copt.ttf; sourceTree = "<group>"; };
		F0524DF91DB682EF0066B075 /* AVFoundation.framework */ = {isa = PBXFileReference; lastKnownFileType = wrapper.framework; name = AVFoundation.framework; path = System/Library/Frameworks/AVFoundation.framework; sourceTree = SDKROOT; };
		F0524DFB1DB6B43C0066B075 /* apaheet.mp3 */ = {isa = PBXFileReference; lastKnownFileType = audio.mp3; path = apaheet.mp3; sourceTree = "<group>"; };
		F0524DFD1DB837E60066B075 /* Main.storyboard */ = {isa = PBXFileReference; fileEncoding = 4; lastKnownFileType = file.storyboard; name = Main.storyboard; path = ../Main.storyboard; sourceTree = "<group>"; };
		F0524E011DB88F1B0066B075 /* AlhanSQL.sqlite */ = {isa = PBXFileReference; lastKnownFileType = file; path = AlhanSQL.sqlite; sourceTree = "<group>"; };
		F067AC3E1DB96A01005BDAD0 /* FileUtils.swift */ = {isa = PBXFileReference; fileEncoding = 4; lastKnownFileType = sourcecode.swift; path = FileUtils.swift; sourceTree = "<group>"; };
		F06927DB1DA86AD000A94BB9 /* SeasonDetailViewController.swift */ = {isa = PBXFileReference; fileEncoding = 4; lastKnownFileType = sourcecode.swift; path = SeasonDetailViewController.swift; sourceTree = "<group>"; };
		F07790321DB5A53E001B3376 /* Constants.swift */ = {isa = PBXFileReference; fileEncoding = 4; lastKnownFileType = sourcecode.swift; path = Constants.swift; sourceTree = "<group>"; };
		F09F3C081DBA91660019153A /* AlhanPlayer.swift */ = {isa = PBXFileReference; fileEncoding = 4; lastKnownFileType = sourcecode.swift; path = AlhanPlayer.swift; sourceTree = "<group>"; };
		F0E3E8071DAC019100174D91 /* libsqlite3.0.tbd */ = {isa = PBXFileReference; lastKnownFileType = "sourcecode.text-based-dylib-definition"; name = libsqlite3.0.tbd; path = usr/lib/libsqlite3.0.tbd; sourceTree = SDKROOT; };
		F0E3E80B1DADDFFD00174D91 /* HymnDetailViewController.swift */ = {isa = PBXFileReference; fileEncoding = 4; lastKnownFileType = sourcecode.swift; path = HymnDetailViewController.swift; sourceTree = "<group>"; };
		F0E3E8111DADEC9900174D91 /* libsqlite3.tbd */ = {isa = PBXFileReference; lastKnownFileType = "sourcecode.text-based-dylib-definition"; name = libsqlite3.tbd; path = usr/lib/libsqlite3.tbd; sourceTree = SDKROOT; };
		F0E3E8291DB008EC00174D91 /* DBManager.swift */ = {isa = PBXFileReference; fileEncoding = 4; lastKnownFileType = sourcecode.swift; name = DBManager.swift; path = ../DBManager.swift; sourceTree = "<group>"; };
		F0E3E82D1DB03E5400174D91 /* FMDatabaseQueue.h */ = {isa = PBXFileReference; fileEncoding = 4; lastKnownFileType = sourcecode.c.h; path = FMDatabaseQueue.h; sourceTree = "<group>"; };
		F0E3E82E1DB03E5400174D91 /* FMDatabaseQueue.m */ = {isa = PBXFileReference; fileEncoding = 4; lastKnownFileType = sourcecode.c.objc; path = FMDatabaseQueue.m; sourceTree = "<group>"; };
		F0E3E82F1DB03E5400174D91 /* FMResultSet.h */ = {isa = PBXFileReference; fileEncoding = 4; lastKnownFileType = sourcecode.c.h; path = FMResultSet.h; sourceTree = "<group>"; };
		F0E3E8301DB03E5400174D91 /* FMResultSet.m */ = {isa = PBXFileReference; fileEncoding = 4; lastKnownFileType = sourcecode.c.objc; path = FMResultSet.m; sourceTree = "<group>"; };
		F0E3E8311DB03E5400174D91 /* FMDatabase.h */ = {isa = PBXFileReference; fileEncoding = 4; lastKnownFileType = sourcecode.c.h; path = FMDatabase.h; sourceTree = "<group>"; };
		F0E3E8321DB03E5400174D91 /* FMDatabase.m */ = {isa = PBXFileReference; fileEncoding = 4; lastKnownFileType = sourcecode.c.objc; path = FMDatabase.m; sourceTree = "<group>"; };
		F0E3E8331DB03E5400174D91 /* FMDatabaseAdditions.h */ = {isa = PBXFileReference; fileEncoding = 4; lastKnownFileType = sourcecode.c.h; path = FMDatabaseAdditions.h; sourceTree = "<group>"; };
		F0E3E8341DB03E5400174D91 /* FMDatabaseAdditions.m */ = {isa = PBXFileReference; fileEncoding = 4; lastKnownFileType = sourcecode.c.objc; path = FMDatabaseAdditions.m; sourceTree = "<group>"; };
		F0E3E8351DB03E5400174D91 /* FMDatabasePool.h */ = {isa = PBXFileReference; fileEncoding = 4; lastKnownFileType = sourcecode.c.h; path = FMDatabasePool.h; sourceTree = "<group>"; };
		F0E3E8361DB03E5400174D91 /* FMDatabasePool.m */ = {isa = PBXFileReference; fileEncoding = 4; lastKnownFileType = sourcecode.c.objc; path = FMDatabasePool.m; sourceTree = "<group>"; };
		F0E3E8371DB03E5400174D91 /* FMDB.h */ = {isa = PBXFileReference; fileEncoding = 4; lastKnownFileType = sourcecode.c.h; path = FMDB.h; sourceTree = "<group>"; };
		F0E3E83D1DB03EE700174D91 /* iAlhanNew-Bridging-Header.h */ = {isa = PBXFileReference; fileEncoding = 4; lastKnownFileType = sourcecode.c.h; path = "iAlhanNew-Bridging-Header.h"; sourceTree = "<group>"; };
		F0E65F771DA6FC2000A96A69 /* iAlhanNew.app */ = {isa = PBXFileReference; explicitFileType = wrapper.application; includeInIndex = 0; path = iAlhanNew.app; sourceTree = BUILT_PRODUCTS_DIR; };
		F0E65F7A1DA6FC2000A96A69 /* AppDelegate.swift */ = {isa = PBXFileReference; lastKnownFileType = sourcecode.swift; path = AppDelegate.swift; sourceTree = "<group>"; };
		F0E65F811DA6FC2100A96A69 /* Assets.xcassets */ = {isa = PBXFileReference; lastKnownFileType = folder.assetcatalog; path = Assets.xcassets; sourceTree = "<group>"; };
		F0E65F841DA6FC2100A96A69 /* Base */ = {isa = PBXFileReference; lastKnownFileType = file.storyboard; name = Base; path = Base.lproj/LaunchScreen.storyboard; sourceTree = "<group>"; };
		F0E65F861DA6FC2100A96A69 /* Info.plist */ = {isa = PBXFileReference; lastKnownFileType = text.plist.xml; path = Info.plist; sourceTree = "<group>"; };
		F0E65F8B1DA6FC2100A96A69 /* iAlhanNewTests.xctest */ = {isa = PBXFileReference; explicitFileType = wrapper.cfbundle; includeInIndex = 0; path = iAlhanNewTests.xctest; sourceTree = BUILT_PRODUCTS_DIR; };
		F0E65F8F1DA6FC2100A96A69 /* iAlhanNewTests.swift */ = {isa = PBXFileReference; lastKnownFileType = sourcecode.swift; path = iAlhanNewTests.swift; sourceTree = "<group>"; };
		F0E65F911DA6FC2100A96A69 /* Info.plist */ = {isa = PBXFileReference; lastKnownFileType = text.plist.xml; path = Info.plist; sourceTree = "<group>"; };
		F0E65F961DA6FC2100A96A69 /* iAlhanNewUITests.xctest */ = {isa = PBXFileReference; explicitFileType = wrapper.cfbundle; includeInIndex = 0; path = iAlhanNewUITests.xctest; sourceTree = BUILT_PRODUCTS_DIR; };
		F0E65F9A1DA6FC2100A96A69 /* iAlhanNewUITests.swift */ = {isa = PBXFileReference; lastKnownFileType = sourcecode.swift; path = iAlhanNewUITests.swift; sourceTree = "<group>"; };
		F0E65F9C1DA6FC2100A96A69 /* Info.plist */ = {isa = PBXFileReference; lastKnownFileType = text.plist.xml; path = Info.plist; sourceTree = "<group>"; };
		F0E65FAA1DA810D100A96A69 /* SeasonViewController.swift */ = {isa = PBXFileReference; fileEncoding = 4; lastKnownFileType = sourcecode.swift; name = SeasonViewController.swift; path = ../SeasonViewController.swift; sourceTree = "<group>"; };
/* End PBXFileReference section */

/* Begin PBXFrameworksBuildPhase section */
		F0E65F741DA6FC2000A96A69 /* Frameworks */ = {
			isa = PBXFrameworksBuildPhase;
			buildActionMask = 2147483647;
			files = (
				F0524DFA1DB682EF0066B075 /* AVFoundation.framework in Frameworks */,
				F0E3E8131DADECC900174D91 /* libsqlite3.0.tbd in Frameworks */,
			);
			runOnlyForDeploymentPostprocessing = 0;
		};
		F0E65F881DA6FC2100A96A69 /* Frameworks */ = {
			isa = PBXFrameworksBuildPhase;
			buildActionMask = 2147483647;
			files = (
			);
			runOnlyForDeploymentPostprocessing = 0;
		};
		F0E65F931DA6FC2100A96A69 /* Frameworks */ = {
			isa = PBXFrameworksBuildPhase;
			buildActionMask = 2147483647;
			files = (
			);
			runOnlyForDeploymentPostprocessing = 0;
		};
/* End PBXFrameworksBuildPhase section */

/* Begin PBXGroup section */
		F05826D61DB059D0001E6CA2 /* Util */ = {
			isa = PBXGroup;
			children = (
				F0524DFB1DB6B43C0066B075 /* apaheet.mp3 */,
				F0485A281DB1353900DBCFE2 /* copt.ttf */,
				F0E3E8291DB008EC00174D91 /* DBManager.swift */,
				F07790321DB5A53E001B3376 /* Constants.swift */,
				F067AC3E1DB96A01005BDAD0 /* FileUtils.swift */,
				F09F3C081DBA91660019153A /* AlhanPlayer.swift */,
			);
			name = Util;
			sourceTree = "<group>";
		};
		F06927D71DA82E3000A94BB9 /* Controller */ = {
			isa = PBXGroup;
			children = (
				F0E3E80B1DADDFFD00174D91 /* HymnDetailViewController.swift */,
				F0E65FAA1DA810D100A96A69 /* SeasonViewController.swift */,
				F06927DB1DA86AD000A94BB9 /* SeasonDetailViewController.swift */,
			);
			name = Controller;
			sourceTree = "<group>";
		};
		F06927D81DA82E4500A94BB9 /* Model */ = {
			isa = PBXGroup;
			children = (
				F0524E011DB88F1B0066B075 /* AlhanSQL.sqlite */,
			);
			name = Model;
			sourceTree = "<group>";
		};
		F0E3E8061DAC019100174D91 /* Frameworks */ = {
			isa = PBXGroup;
			children = (
				F0524DF91DB682EF0066B075 /* AVFoundation.framework */,
				F0E3E8111DADEC9900174D91 /* libsqlite3.tbd */,
				F0E3E8071DAC019100174D91 /* libsqlite3.0.tbd */,
			);
			name = Frameworks;
			sourceTree = "<group>";
		};
		F0E3E8161DAF1B4700174D91 /* FMDB */ = {
			isa = PBXGroup;
			children = (
				F0E3E82D1DB03E5400174D91 /* FMDatabaseQueue.h */,
				F0E3E82E1DB03E5400174D91 /* FMDatabaseQueue.m */,
				F0E3E82F1DB03E5400174D91 /* FMResultSet.h */,
				F0E3E8301DB03E5400174D91 /* FMResultSet.m */,
				F0E3E8311DB03E5400174D91 /* FMDatabase.h */,
				F0E3E8321DB03E5400174D91 /* FMDatabase.m */,
				F0E3E8331DB03E5400174D91 /* FMDatabaseAdditions.h */,
				F0E3E8341DB03E5400174D91 /* FMDatabaseAdditions.m */,
				F0E3E8351DB03E5400174D91 /* FMDatabasePool.h */,
				F0E3E8361DB03E5400174D91 /* FMDatabasePool.m */,
				F0E3E8371DB03E5400174D91 /* FMDB.h */,
			);
			name = FMDB;
			sourceTree = "<group>";
		};
		F0E65F6E1DA6FC2000A96A69 = {
			isa = PBXGroup;
			children = (
				F0E65F791DA6FC2000A96A69 /* iAlhanNew */,
				F0E65F8E1DA6FC2100A96A69 /* iAlhanNewTests */,
				F0E65F991DA6FC2100A96A69 /* iAlhanNewUITests */,
				F0E65F781DA6FC2000A96A69 /* Products */,
				F0E3E8061DAC019100174D91 /* Frameworks */,
			);
			sourceTree = "<group>";
		};
		F0E65F781DA6FC2000A96A69 /* Products */ = {
			isa = PBXGroup;
			children = (
				F0E65F771DA6FC2000A96A69 /* iAlhanNew.app */,
				F0E65F8B1DA6FC2100A96A69 /* iAlhanNewTests.xctest */,
				F0E65F961DA6FC2100A96A69 /* iAlhanNewUITests.xctest */,
			);
			name = Products;
			sourceTree = "<group>";
		};
		F0E65F791DA6FC2000A96A69 /* iAlhanNew */ = {
			isa = PBXGroup;
			children = (
				F0524DFD1DB837E60066B075 /* Main.storyboard */,
				F05826D61DB059D0001E6CA2 /* Util */,
				F0E3E8161DAF1B4700174D91 /* FMDB */,
				F06927D71DA82E3000A94BB9 /* Controller */,
				F0E65F7A1DA6FC2000A96A69 /* AppDelegate.swift */,
				F0E65F811DA6FC2100A96A69 /* Assets.xcassets */,
				F0E65F831DA6FC2100A96A69 /* LaunchScreen.storyboard */,
				F0E65F861DA6FC2100A96A69 /* Info.plist */,
				F06927D81DA82E4500A94BB9 /* Model */,
				F0E3E83D1DB03EE700174D91 /* iAlhanNew-Bridging-Header.h */,
			);
			path = iAlhanNew;
			sourceTree = "<group>";
		};
		F0E65F8E1DA6FC2100A96A69 /* iAlhanNewTests */ = {
			isa = PBXGroup;
			children = (
				F0E65F8F1DA6FC2100A96A69 /* iAlhanNewTests.swift */,
				F0E65F911DA6FC2100A96A69 /* Info.plist */,
			);
			path = iAlhanNewTests;
			sourceTree = "<group>";
		};
		F0E65F991DA6FC2100A96A69 /* iAlhanNewUITests */ = {
			isa = PBXGroup;
			children = (
				F0E65F9A1DA6FC2100A96A69 /* iAlhanNewUITests.swift */,
				F0E65F9C1DA6FC2100A96A69 /* Info.plist */,
			);
			path = iAlhanNewUITests;
			sourceTree = "<group>";
		};
/* End PBXGroup section */

/* Begin PBXNativeTarget section */
		F0E65F761DA6FC2000A96A69 /* iAlhanNew */ = {
			isa = PBXNativeTarget;
			buildConfigurationList = F0E65F9F1DA6FC2100A96A69 /* Build configuration list for PBXNativeTarget "iAlhanNew" */;
			buildPhases = (
				F0E65F731DA6FC2000A96A69 /* Sources */,
				F0E65F741DA6FC2000A96A69 /* Frameworks */,
				F0E65F751DA6FC2000A96A69 /* Resources */,
			);
			buildRules = (
			);
			dependencies = (
			);
			name = iAlhanNew;
			productName = iAlhanNew;
			productReference = F0E65F771DA6FC2000A96A69 /* iAlhanNew.app */;
			productType = "com.apple.product-type.application";
		};
		F0E65F8A1DA6FC2100A96A69 /* iAlhanNewTests */ = {
			isa = PBXNativeTarget;
			buildConfigurationList = F0E65FA21DA6FC2100A96A69 /* Build configuration list for PBXNativeTarget "iAlhanNewTests" */;
			buildPhases = (
				F0E65F871DA6FC2100A96A69 /* Sources */,
				F0E65F881DA6FC2100A96A69 /* Frameworks */,
				F0E65F891DA6FC2100A96A69 /* Resources */,
			);
			buildRules = (
			);
			dependencies = (
				F0E65F8D1DA6FC2100A96A69 /* PBXTargetDependency */,
			);
			name = iAlhanNewTests;
			productName = iAlhanNewTests;
			productReference = F0E65F8B1DA6FC2100A96A69 /* iAlhanNewTests.xctest */;
			productType = "com.apple.product-type.bundle.unit-test";
		};
		F0E65F951DA6FC2100A96A69 /* iAlhanNewUITests */ = {
			isa = PBXNativeTarget;
			buildConfigurationList = F0E65FA51DA6FC2100A96A69 /* Build configuration list for PBXNativeTarget "iAlhanNewUITests" */;
			buildPhases = (
				F0E65F921DA6FC2100A96A69 /* Sources */,
				F0E65F931DA6FC2100A96A69 /* Frameworks */,
				F0E65F941DA6FC2100A96A69 /* Resources */,
			);
			buildRules = (
			);
			dependencies = (
				F0E65F981DA6FC2100A96A69 /* PBXTargetDependency */,
			);
			name = iAlhanNewUITests;
			productName = iAlhanNewUITests;
			productReference = F0E65F961DA6FC2100A96A69 /* iAlhanNewUITests.xctest */;
			productType = "com.apple.product-type.bundle.ui-testing";
		};
/* End PBXNativeTarget section */

/* Begin PBXProject section */
		F0E65F6F1DA6FC2000A96A69 /* Project object */ = {
			isa = PBXProject;
			attributes = {
				LastSwiftUpdateCheck = 0800;
				LastUpgradeCheck = 0800;
				ORGANIZATIONNAME = alhan.org;
				TargetAttributes = {
					F0E65F761DA6FC2000A96A69 = {
						CreatedOnToolsVersion = 8.0;
						LastSwiftMigration = 0800;
						ProvisioningStyle = Automatic;
					};
					F0E65F8A1DA6FC2100A96A69 = {
						CreatedOnToolsVersion = 8.0;
						ProvisioningStyle = Automatic;
						TestTargetID = F0E65F761DA6FC2000A96A69;
					};
					F0E65F951DA6FC2100A96A69 = {
						CreatedOnToolsVersion = 8.0;
						ProvisioningStyle = Automatic;
						TestTargetID = F0E65F761DA6FC2000A96A69;
					};
				};
			};
			buildConfigurationList = F0E65F721DA6FC2000A96A69 /* Build configuration list for PBXProject "iAlhanNew" */;
			compatibilityVersion = "Xcode 3.2";
			developmentRegion = English;
			hasScannedForEncodings = 0;
			knownRegions = (
				en,
				Base,
			);
			mainGroup = F0E65F6E1DA6FC2000A96A69;
			productRefGroup = F0E65F781DA6FC2000A96A69 /* Products */;
			projectDirPath = "";
			projectRoot = "";
			targets = (
				F0E65F761DA6FC2000A96A69 /* iAlhanNew */,
				F0E65F8A1DA6FC2100A96A69 /* iAlhanNewTests */,
				F0E65F951DA6FC2100A96A69 /* iAlhanNewUITests */,
			);
		};
/* End PBXProject section */

/* Begin PBXResourcesBuildPhase section */
		F0E65F751DA6FC2000A96A69 /* Resources */ = {
			isa = PBXResourcesBuildPhase;
			buildActionMask = 2147483647;
			files = (
				F0E65F851DA6FC2100A96A69 /* LaunchScreen.storyboard in Resources */,
				F0524E021DB88F1B0066B075 /* AlhanSQL.sqlite in Resources */,
				F0E65F821DA6FC2100A96A69 /* Assets.xcassets in Resources */,
				F0485A291DB1353900DBCFE2 /* copt.ttf in Resources */,
				F0524DFE1DB837E60066B075 /* Main.storyboard in Resources */,
				F0524DFC1DB6B43C0066B075 /* apaheet.mp3 in Resources */,
			);
			runOnlyForDeploymentPostprocessing = 0;
		};
		F0E65F891DA6FC2100A96A69 /* Resources */ = {
			isa = PBXResourcesBuildPhase;
			buildActionMask = 2147483647;
			files = (
				F0485A2A1DB1353900DBCFE2 /* copt.ttf in Resources */,
			);
			runOnlyForDeploymentPostprocessing = 0;
		};
		F0E65F941DA6FC2100A96A69 /* Resources */ = {
			isa = PBXResourcesBuildPhase;
			buildActionMask = 2147483647;
			files = (
				F0485A2B1DB1353900DBCFE2 /* copt.ttf in Resources */,
			);
			runOnlyForDeploymentPostprocessing = 0;
		};
/* End PBXResourcesBuildPhase section */

/* Begin PBXSourcesBuildPhase section */
		F0E65F731DA6FC2000A96A69 /* Sources */ = {
			isa = PBXSourcesBuildPhase;
			buildActionMask = 2147483647;
			files = (
				F0E3E83A1DB03E5400174D91 /* FMDatabase.m in Sources */,
				F07790331DB5A53E001B3376 /* Constants.swift in Sources */,
				F0E65F7B1DA6FC2000A96A69 /* AppDelegate.swift in Sources */,
				F067AC3F1DB96A01005BDAD0 /* FileUtils.swift in Sources */,
				F0E3E83B1DB03E5400174D91 /* FMDatabaseAdditions.m in Sources */,
				F0E65FAB1DA810D100A96A69 /* SeasonViewController.swift in Sources */,
				F09F3C091DBA91660019153A /* AlhanPlayer.swift in Sources */,
				F0E3E83C1DB03E5400174D91 /* FMDatabasePool.m in Sources */,
				F06927DC1DA86AD000A94BB9 /* SeasonDetailViewController.swift in Sources */,
				F0E3E8391DB03E5400174D91 /* FMResultSet.m in Sources */,
				F0E3E8381DB03E5400174D91 /* FMDatabaseQueue.m in Sources */,
				F0E3E80C1DADDFFD00174D91 /* HymnDetailViewController.swift in Sources */,
				F0E3E82A1DB008EC00174D91 /* DBManager.swift in Sources */,
			);
			runOnlyForDeploymentPostprocessing = 0;
		};
		F0E65F871DA6FC2100A96A69 /* Sources */ = {
			isa = PBXSourcesBuildPhase;
			buildActionMask = 2147483647;
			files = (
				F0E65F901DA6FC2100A96A69 /* iAlhanNewTests.swift in Sources */,
			);
			runOnlyForDeploymentPostprocessing = 0;
		};
		F0E65F921DA6FC2100A96A69 /* Sources */ = {
			isa = PBXSourcesBuildPhase;
			buildActionMask = 2147483647;
			files = (
				F0E65F9B1DA6FC2100A96A69 /* iAlhanNewUITests.swift in Sources */,
			);
			runOnlyForDeploymentPostprocessing = 0;
		};
/* End PBXSourcesBuildPhase section */

/* Begin PBXTargetDependency section */
		F0E65F8D1DA6FC2100A96A69 /* PBXTargetDependency */ = {
			isa = PBXTargetDependency;
			target = F0E65F761DA6FC2000A96A69 /* iAlhanNew */;
			targetProxy = F0E65F8C1DA6FC2100A96A69 /* PBXContainerItemProxy */;
		};
		F0E65F981DA6FC2100A96A69 /* PBXTargetDependency */ = {
			isa = PBXTargetDependency;
			target = F0E65F761DA6FC2000A96A69 /* iAlhanNew */;
			targetProxy = F0E65F971DA6FC2100A96A69 /* PBXContainerItemProxy */;
		};
/* End PBXTargetDependency section */

/* Begin PBXVariantGroup section */
		F0E65F831DA6FC2100A96A69 /* LaunchScreen.storyboard */ = {
			isa = PBXVariantGroup;
			children = (
				F0E65F841DA6FC2100A96A69 /* Base */,
			);
			name = LaunchScreen.storyboard;
			sourceTree = "<group>";
		};
/* End PBXVariantGroup section */

/* Begin XCBuildConfiguration section */
		F0E65F9D1DA6FC2100A96A69 /* Debug */ = {
			isa = XCBuildConfiguration;
			buildSettings = {
				ALWAYS_SEARCH_USER_PATHS = NO;
				CLANG_ANALYZER_NONNULL = YES;
				CLANG_CXX_LANGUAGE_STANDARD = "gnu++0x";
				CLANG_CXX_LIBRARY = "libc++";
				CLANG_ENABLE_MODULES = YES;
				CLANG_ENABLE_OBJC_ARC = YES;
				CLANG_WARN_BOOL_CONVERSION = YES;
				CLANG_WARN_CONSTANT_CONVERSION = YES;
				CLANG_WARN_DIRECT_OBJC_ISA_USAGE = YES_ERROR;
				CLANG_WARN_DOCUMENTATION_COMMENTS = YES;
				CLANG_WARN_EMPTY_BODY = YES;
				CLANG_WARN_ENUM_CONVERSION = YES;
				CLANG_WARN_INFINITE_RECURSION = YES;
				CLANG_WARN_INT_CONVERSION = YES;
				CLANG_WARN_OBJC_ROOT_CLASS = YES_ERROR;
				CLANG_WARN_SUSPICIOUS_MOVES = YES;
				CLANG_WARN_UNREACHABLE_CODE = YES;
				CLANG_WARN__DUPLICATE_METHOD_MATCH = YES;
				"CODE_SIGN_IDENTITY[sdk=iphoneos*]" = "iPhone Developer";
				COPY_PHASE_STRIP = NO;
				DEBUG_INFORMATION_FORMAT = dwarf;
				ENABLE_STRICT_OBJC_MSGSEND = YES;
				ENABLE_TESTABILITY = YES;
				GCC_C_LANGUAGE_STANDARD = gnu99;
				GCC_DYNAMIC_NO_PIC = NO;
				GCC_NO_COMMON_BLOCKS = YES;
				GCC_OPTIMIZATION_LEVEL = 0;
				GCC_PREPROCESSOR_DEFINITIONS = (
					"DEBUG=1",
					"$(inherited)",
				);
				GCC_WARN_64_TO_32_BIT_CONVERSION = YES;
				GCC_WARN_ABOUT_RETURN_TYPE = YES_ERROR;
				GCC_WARN_UNDECLARED_SELECTOR = YES;
				GCC_WARN_UNINITIALIZED_AUTOS = YES_AGGRESSIVE;
				GCC_WARN_UNUSED_FUNCTION = YES;
				GCC_WARN_UNUSED_VARIABLE = YES;
				IPHONEOS_DEPLOYMENT_TARGET = 10.0;
				MTL_ENABLE_DEBUG_INFO = YES;
				ONLY_ACTIVE_ARCH = YES;
				SDKROOT = iphoneos;
				SWIFT_ACTIVE_COMPILATION_CONDITIONS = DEBUG;
				SWIFT_OPTIMIZATION_LEVEL = "-Onone";
				TARGETED_DEVICE_FAMILY = "1,2";
			};
			name = Debug;
		};
		F0E65F9E1DA6FC2100A96A69 /* Release */ = {
			isa = XCBuildConfiguration;
			buildSettings = {
				ALWAYS_SEARCH_USER_PATHS = NO;
				CLANG_ANALYZER_NONNULL = YES;
				CLANG_CXX_LANGUAGE_STANDARD = "gnu++0x";
				CLANG_CXX_LIBRARY = "libc++";
				CLANG_ENABLE_MODULES = YES;
				CLANG_ENABLE_OBJC_ARC = YES;
				CLANG_WARN_BOOL_CONVERSION = YES;
				CLANG_WARN_CONSTANT_CONVERSION = YES;
				CLANG_WARN_DIRECT_OBJC_ISA_USAGE = YES_ERROR;
				CLANG_WARN_DOCUMENTATION_COMMENTS = YES;
				CLANG_WARN_EMPTY_BODY = YES;
				CLANG_WARN_ENUM_CONVERSION = YES;
				CLANG_WARN_INFINITE_RECURSION = YES;
				CLANG_WARN_INT_CONVERSION = YES;
				CLANG_WARN_OBJC_ROOT_CLASS = YES_ERROR;
				CLANG_WARN_SUSPICIOUS_MOVES = YES;
				CLANG_WARN_UNREACHABLE_CODE = YES;
				CLANG_WARN__DUPLICATE_METHOD_MATCH = YES;
				"CODE_SIGN_IDENTITY[sdk=iphoneos*]" = "iPhone Developer";
				COPY_PHASE_STRIP = NO;
				DEBUG_INFORMATION_FORMAT = "dwarf-with-dsym";
				ENABLE_NS_ASSERTIONS = NO;
				ENABLE_STRICT_OBJC_MSGSEND = YES;
				GCC_C_LANGUAGE_STANDARD = gnu99;
				GCC_NO_COMMON_BLOCKS = YES;
				GCC_WARN_64_TO_32_BIT_CONVERSION = YES;
				GCC_WARN_ABOUT_RETURN_TYPE = YES_ERROR;
				GCC_WARN_UNDECLARED_SELECTOR = YES;
				GCC_WARN_UNINITIALIZED_AUTOS = YES_AGGRESSIVE;
				GCC_WARN_UNUSED_FUNCTION = YES;
				GCC_WARN_UNUSED_VARIABLE = YES;
				IPHONEOS_DEPLOYMENT_TARGET = 10.0;
				MTL_ENABLE_DEBUG_INFO = NO;
				SDKROOT = iphoneos;
				SWIFT_OPTIMIZATION_LEVEL = "-Owholemodule";
				TARGETED_DEVICE_FAMILY = "1,2";
				VALIDATE_PRODUCT = YES;
			};
			name = Release;
		};
		F0E65FA01DA6FC2100A96A69 /* Debug */ = {
			isa = XCBuildConfiguration;
			buildSettings = {
				ALWAYS_EMBED_SWIFT_STANDARD_LIBRARIES = YES;
				ASSETCATALOG_COMPILER_APPICON_NAME = AppIcon;
				CLANG_ENABLE_MODULES = YES;
				INFOPLIST_FILE = iAlhanNew/Info.plist;
				LD_RUNPATH_SEARCH_PATHS = "$(inherited) @executable_path/Frameworks";
				PRODUCT_BUNDLE_IDENTIFIER = alhan.org.iAlhan;
				PRODUCT_NAME = "$(TARGET_NAME)";
				SWIFT_OBJC_BRIDGING_HEADER = "iAlhanNew/iAlhanNew-Bridging-Header.h";
				SWIFT_OPTIMIZATION_LEVEL = "-Onone";
				SWIFT_VERSION = 3.0;
			};
			name = Debug;
		};
		F0E65FA11DA6FC2100A96A69 /* Release */ = {
			isa = XCBuildConfiguration;
			buildSettings = {
				ALWAYS_EMBED_SWIFT_STANDARD_LIBRARIES = YES;
				ASSETCATALOG_COMPILER_APPICON_NAME = AppIcon;
				CLANG_ENABLE_MODULES = YES;
				INFOPLIST_FILE = iAlhanNew/Info.plist;
				LD_RUNPATH_SEARCH_PATHS = "$(inherited) @executable_path/Frameworks";
				PRODUCT_BUNDLE_IDENTIFIER = alhan.org.iAlhan;
				PRODUCT_NAME = "$(TARGET_NAME)";
				SWIFT_OBJC_BRIDGING_HEADER = "iAlhanNew/iAlhanNew-Bridging-Header.h";
				SWIFT_VERSION = 3.0;
			};
			name = Release;
		};
		F0E65FA31DA6FC2100A96A69 /* Debug */ = {
			isa = XCBuildConfiguration;
			buildSettings = {
				ALWAYS_EMBED_SWIFT_STANDARD_LIBRARIES = YES;
				BUNDLE_LOADER = "$(TEST_HOST)";
				INFOPLIST_FILE = iAlhanNewTests/Info.plist;
				LD_RUNPATH_SEARCH_PATHS = "$(inherited) @executable_path/Frameworks @loader_path/Frameworks";
				PRODUCT_BUNDLE_IDENTIFIER = alhan.org.iAlhanNewTests;
				PRODUCT_NAME = "$(TARGET_NAME)";
				SWIFT_VERSION = 3.0;
				TEST_HOST = "$(BUILT_PRODUCTS_DIR)/iAlhanNew.app/iAlhanNew";
			};
			name = Debug;
		};
		F0E65FA41DA6FC2100A96A69 /* Release */ = {
			isa = XCBuildConfiguration;
			buildSettings = {
				ALWAYS_EMBED_SWIFT_STANDARD_LIBRARIES = YES;
				BUNDLE_LOADER = "$(TEST_HOST)";
				INFOPLIST_FILE = iAlhanNewTests/Info.plist;
				LD_RUNPATH_SEARCH_PATHS = "$(inherited) @executable_path/Frameworks @loader_path/Frameworks";
				PRODUCT_BUNDLE_IDENTIFIER = alhan.org.iAlhanNewTests;
				PRODUCT_NAME = "$(TARGET_NAME)";
				SWIFT_VERSION = 3.0;
				TEST_HOST = "$(BUILT_PRODUCTS_DIR)/iAlhanNew.app/iAlhanNew";
			};
			name = Release;
		};
		F0E65FA61DA6FC2100A96A69 /* Debug */ = {
			isa = XCBuildConfiguration;
			buildSettings = {
				ALWAYS_EMBED_SWIFT_STANDARD_LIBRARIES = YES;
				INFOPLIST_FILE = iAlhanNewUITests/Info.plist;
				LD_RUNPATH_SEARCH_PATHS = "$(inherited) @executable_path/Frameworks @loader_path/Frameworks";
				PRODUCT_BUNDLE_IDENTIFIER = alhan.org.iAlhanNewUITests;
				PRODUCT_NAME = "$(TARGET_NAME)";
				SWIFT_VERSION = 3.0;
				TEST_TARGET_NAME = iAlhanNew;
			};
			name = Debug;
		};
		F0E65FA71DA6FC2100A96A69 /* Release */ = {
			isa = XCBuildConfiguration;
			buildSettings = {
				ALWAYS_EMBED_SWIFT_STANDARD_LIBRARIES = YES;
				INFOPLIST_FILE = iAlhanNewUITests/Info.plist;
				LD_RUNPATH_SEARCH_PATHS = "$(inherited) @executable_path/Frameworks @loader_path/Frameworks";
				PRODUCT_BUNDLE_IDENTIFIER = alhan.org.iAlhanNewUITests;
				PRODUCT_NAME = "$(TARGET_NAME)";
				SWIFT_VERSION = 3.0;
				TEST_TARGET_NAME = iAlhanNew;
			};
			name = Release;
		};
/* End XCBuildConfiguration section */

/* Begin XCConfigurationList section */
		F0E65F721DA6FC2000A96A69 /* Build configuration list for PBXProject "iAlhanNew" */ = {
			isa = XCConfigurationList;
			buildConfigurations = (
				F0E65F9D1DA6FC2100A96A69 /* Debug */,
				F0E65F9E1DA6FC2100A96A69 /* Release */,
			);
			defaultConfigurationIsVisible = 0;
			defaultConfigurationName = Release;
		};
		F0E65F9F1DA6FC2100A96A69 /* Build configuration list for PBXNativeTarget "iAlhanNew" */ = {
			isa = XCConfigurationList;
			buildConfigurations = (
				F0E65FA01DA6FC2100A96A69 /* Debug */,
				F0E65FA11DA6FC2100A96A69 /* Release */,
			);
			defaultConfigurationIsVisible = 0;
			defaultConfigurationName = Release;
		};
		F0E65FA21DA6FC2100A96A69 /* Build configuration list for PBXNativeTarget "iAlhanNewTests" */ = {
			isa = XCConfigurationList;
			buildConfigurations = (
				F0E65FA31DA6FC2100A96A69 /* Debug */,
				F0E65FA41DA6FC2100A96A69 /* Release */,
			);
			defaultConfigurationIsVisible = 0;
			defaultConfigurationName = Release;
		};
		F0E65FA51DA6FC2100A96A69 /* Build configuration list for PBXNativeTarget "iAlhanNewUITests" */ = {
			isa = XCConfigurationList;
			buildConfigurations = (
				F0E65FA61DA6FC2100A96A69 /* Debug */,
				F0E65FA71DA6FC2100A96A69 /* Release */,
			);
			defaultConfigurationIsVisible = 0;
			defaultConfigurationName = Release;
		};
/* End XCConfigurationList section */
	};
	rootObject = F0E65F6F1DA6FC2000A96A69 /* Project object */;
}
