// !$*UTF8*$!
{
	archiveVersion = 1;
	classes = {
	};
	objectVersion = 46;
	objects = {

/* Begin PBXBuildFile section */
		F0E65F7B1DA6FC2000A96A69 /* AppDelegate.swift in Sources */ = {isa = PBXBuildFile; fileRef = F0E65F7A1DA6FC2000A96A69 /* AppDelegate.swift */; };
		F0E65F7D1DA6FC2100A96A69 /* ViewController.swift in Sources */ = {isa = PBXBuildFile; fileRef = F0E65F7C1DA6FC2100A96A69 /* ViewController.swift */; };
		F0E65F801DA6FC2100A96A69 /* Main.storyboard in Resources */ = {isa = PBXBuildFile; fileRef = F0E65F7E1DA6FC2100A96A69 /* Main.storyboard */; };
		F0E65F821DA6FC2100A96A69 /* Assets.xcassets in Resources */ = {isa = PBXBuildFile; fileRef = F0E65F811DA6FC2100A96A69 /* Assets.xcassets */; };
		F0E65F851DA6FC2100A96A69 /* LaunchScreen.storyboard in Resources */ = {isa = PBXBuildFile; fileRef = F0E65F831DA6FC2100A96A69 /* LaunchScreen.storyboard */; };
		F0E65F901DA6FC2100A96A69 /* iAlhanNewTests.swift in Sources */ = {isa = PBXBuildFile; fileRef = F0E65F8F1DA6FC2100A96A69 /* iAlhanNewTests.swift */; };
		F0E65F9B1DA6FC2100A96A69 /* iAlhanNewUITests.swift in Sources */ = {isa = PBXBuildFile; fileRef = F0E65F9A1DA6FC2100A96A69 /* iAlhanNewUITests.swift */; };
/* End PBXBuildFile section */

/* Begin PBXContainerItemProxy section */
		F0E65F8C1DA6FC2100A96A69 /* PBXContainerItemProxy */ = {
			isa = PBXContainerItemProxy;
			containerPortal = F0E65F6F1DA6FC2000A96A69 /* Project object */;
			proxyType = 1;
			remoteGlobalIDString = F0E65F761DA6FC2000A96A69;
			remoteInfo = iAlhanNew;
		};
		F0E65F971DA6FC2100A96A69 /* PBXContainerItemProxy */ = {
			isa = PBXContainerItemProxy;
			containerPortal = F0E65F6F1DA6FC2000A96A69 /* Project object */;
			proxyType = 1;
			remoteGlobalIDString = F0E65F761DA6FC2000A96A69;
			remoteInfo = iAlhanNew;
		};
/* End PBXContainerItemProxy section */

/* Begin PBXFileReference section */
		F0E65F771DA6FC2000A96A69 /* iAlhanNew.app */ = {isa = PBXFileReference; explicitFileType = wrapper.application; includeInIndex = 0; path = iAlhanNew.app; sourceTree = BUILT_PRODUCTS_DIR; };
		F0E65F7A1DA6FC2000A96A69 /* AppDelegate.swift */ = {isa = PBXFileReference; lastKnownFileType = sourcecode.swift; path = AppDelegate.swift; sourceTree = "<group>"; };
		F0E65F7C1DA6FC2100A96A69 /* ViewController.swift */ = {isa = PBXFileReference; lastKnownFileType = sourcecode.swift; path = ViewController.swift; sourceTree = "<group>"; };
		F0E65F7F1DA6FC2100A96A69 /* Base */ = {isa = PBXFileReference; lastKnownFileType = file.storyboard; name = Base; path = Base.lproj/Main.storyboard; sourceTree = "<group>"; };
		F0E65F811DA6FC2100A96A69 /* Assets.xcassets */ = {isa = PBXFileReference; lastKnownFileType = folder.assetcatalog; path = Assets.xcassets; sourceTree = "<group>"; };
		F0E65F841DA6FC2100A96A69 /* Base */ = {isa = PBXFileReference; lastKnownFileType = file.storyboard; name = Base; path = Base.lproj/LaunchScreen.storyboard; sourceTree = "<group>"; };
		F0E65F861DA6FC2100A96A69 /* Info.plist */ = {isa = PBXFileReference; lastKnownFileType = text.plist.xml; path = Info.plist; sourceTree = "<group>"; };
		F0E65F8B1DA6FC2100A96A69 /* iAlhanNewTests.xctest */ = {isa = PBXFileReference; explicitFileType = wrapper.cfbundle; includeInIndex = 0; path = iAlhanNewTests.xctest; sourceTree = BUILT_PRODUCTS_DIR; };
		F0E65F8F1DA6FC2100A96A69 /* iAlhanNewTests.swift */ = {isa = PBXFileReference; lastKnownFileType = sourcecode.swift; path = iAlhanNewTests.swift; sourceTree = "<group>"; };
		F0E65F911DA6FC2100A96A69 /* Info.plist */ = {isa = PBXFileReference; lastKnownFileType = text.plist.xml; path = Info.plist; sourceTree = "<group>"; };
		F0E65F961DA6FC2100A96A69 /* iAlhanNewUITests.xctest */ = {isa = PBXFileReference; explicitFileType = wrapper.cfbundle; includeInIndex = 0; path = iAlhanNewUITests.xctest; sourceTree = BUILT_PRODUCTS_DIR; };
		F0E65F9A1DA6FC2100A96A69 /* iAlhanNewUITests.swift */ = {isa = PBXFileReference; lastKnownFileType = sourcecode.swift; path = iAlhanNewUITests.swift; sourceTree = "<group>"; };
		F0E65F9C1DA6FC2100A96A69 /* Info.plist */ = {isa = PBXFileReference; lastKnownFileType = text.plist.xml; path = Info.plist; sourceTree = "<group>"; };
/* End PBXFileReference section */

/* Begin PBXFrameworksBuildPhase section */
		F0E65F741DA6FC2000A96A69 /* Frameworks */ = {
			isa = PBXFrameworksBuildPhase;
			buildActionMask = 2147483647;
			files = (
			);
			runOnlyForDeploymentPostprocessing = 0;
		};
		F0E65F881DA6FC2100A96A69 /* Frameworks */ = {
			isa = PBXFrameworksBuildPhase;
			buildActionMask = 2147483647;
			files = (
			);
			runOnlyForDeploymentPostprocessing = 0;
		};
		F0E65F931DA6FC2100A96A69 /* Frameworks */ = {
			isa = PBXFrameworksBuildPhase;
			buildActionMask = 2147483647;
			files = (
			);
			runOnlyForDeploymentPostprocessing = 0;
		};
/* End PBXFrameworksBuildPhase section */

/* Begin PBXGroup section */
		F0E65F6E1DA6FC2000A96A69 = {
			isa = PBXGroup;
			children = (
				F0E65F791DA6FC2000A96A69 /* iAlhanNew */,
				F0E65F8E1DA6FC2100A96A69 /* iAlhanNewTests */,
				F0E65F991DA6FC2100A96A69 /* iAlhanNewUITests */,
				F0E65F781DA6FC2000A96A69 /* Products */,
			);
			sourceTree = "<group>";
		};
		F0E65F781DA6FC2000A96A69 /* Products */ = {
			isa = PBXGroup;
			children = (
				F0E65F771DA6FC2000A96A69 /* iAlhanNew.app */,
				F0E65F8B1DA6FC2100A96A69 /* iAlhanNewTests.xctest */,
				F0E65F961DA6FC2100A96A69 /* iAlhanNewUITests.xctest */,
			);
			name = Products;
			sourceTree = "<group>";
		};
		F0E65F791DA6FC2000A96A69 /* iAlhanNew */ = {
			isa = PBXGroup;
			children = (
				F0E65F7A1DA6FC2000A96A69 /* AppDelegate.swift */,
				F0E65F7C1DA6FC2100A96A69 /* ViewController.swift */,
				F0E65F7E1DA6FC2100A96A69 /* Main.storyboard */,
				F0E65F811DA6FC2100A96A69 /* Assets.xcassets */,
				F0E65F831DA6FC2100A96A69 /* LaunchScreen.storyboard */,
				F0E65F861DA6FC2100A96A69 /* Info.plist */,
			);
			path = iAlhanNew;
			sourceTree = "<group>";
		};
		F0E65F8E1DA6FC2100A96A69 /* iAlhanNewTests */ = {
			isa = PBXGroup;
			children = (
				F0E65F8F1DA6FC2100A96A69 /* iAlhanNewTests.swift */,
				F0E65F911DA6FC2100A96A69 /* Info.plist */,
			);
			path = iAlhanNewTests;
			sourceTree = "<group>";
		};
		F0E65F991DA6FC2100A96A69 /* iAlhanNewUITests */ = {
			isa = PBXGroup;
			children = (
				F0E65F9A1DA6FC2100A96A69 /* iAlhanNewUITests.swift */,
				F0E65F9C1DA6FC2100A96A69 /* Info.plist */,
			);
			path = iAlhanNewUITests;
			sourceTree = "<group>";
		};
/* End PBXGroup section */

/* Begin PBXNativeTarget section */
		F0E65F761DA6FC2000A96A69 /* iAlhanNew */ = {
			isa = PBXNativeTarget;
			buildConfigurationList = F0E65F9F1DA6FC2100A96A69 /* Build configuration list for PBXNativeTarget "iAlhanNew" */;
			buildPhases = (
				F0E65F731DA6FC2000A96A69 /* Sources */,
				F0E65F741DA6FC2000A96A69 /* Frameworks */,
				F0E65F751DA6FC2000A96A69 /* Resources */,
			);
			buildRules = (
			);
			dependencies = (
			);
			name = iAlhanNew;
			productName = iAlhanNew;
			productReference = F0E65F771DA6FC2000A96A69 /* iAlhanNew.app */;
			productType = "com.apple.product-type.application";
		};
		F0E65F8A1DA6FC2100A96A69 /* iAlhanNewTests */ = {
			isa = PBXNativeTarget;
			buildConfigurationList = F0E65FA21DA6FC2100A96A69 /* Build configuration list for PBXNativeTarget "iAlhanNewTests" */;
			buildPhases = (
				F0E65F871DA6FC2100A96A69 /* Sources */,
				F0E65F881DA6FC2100A96A69 /* Frameworks */,
				F0E65F891DA6FC2100A96A69 /* Resources */,
			);
			buildRules = (
			);
			dependencies = (
				F0E65F8D1DA6FC2100A96A69 /* PBXTargetDependency */,
			);
			name = iAlhanNewTests;
			productName = iAlhanNewTests;
			productReference = F0E65F8B1DA6FC2100A96A69 /* iAlhanNewTests.xctest */;
			productType = "com.apple.product-type.bundle.unit-test";
		};
		F0E65F951DA6FC2100A96A69 /* iAlhanNewUITests */ = {
			isa = PBXNativeTarget;
			buildConfigurationList = F0E65FA51DA6FC2100A96A69 /* Build configuration list for PBXNativeTarget "iAlhanNewUITests" */;
			buildPhases = (
				F0E65F921DA6FC2100A96A69 /* Sources */,
				F0E65F931DA6FC2100A96A69 /* Frameworks */,
				F0E65F941DA6FC2100A96A69 /* Resources */,
			);
			buildRules = (
			);
			dependencies = (
				F0E65F981DA6FC2100A96A69 /* PBXTargetDependency */,
			);
			name = iAlhanNewUITests;
			productName = iAlhanNewUITests;
			productReference = F0E65F961DA6FC2100A96A69 /* iAlhanNewUITests.xctest */;
			productType = "com.apple.product-type.bundle.ui-testing";
		};
/* End PBXNativeTarget section */

/* Begin PBXProject section */
		F0E65F6F1DA6FC2000A96A69 /* Project object */ = {
			isa = PBXProject;
			attributes = {
				LastSwiftUpdateCheck = 0800;
				LastUpgradeCheck = 0800;
				ORGANIZATIONNAME = alhan.org;
				TargetAttributes = {
					F0E65F761DA6FC2000A96A69 = {
						CreatedOnToolsVersion = 8.0;
						ProvisioningStyle = Automatic;
					};
					F0E65F8A1DA6FC2100A96A69 = {
						CreatedOnToolsVersion = 8.0;
						ProvisioningStyle = Automatic;
						TestTargetID = F0E65F761DA6FC2000A96A69;
					};
					F0E65F951DA6FC2100A96A69 = {
						CreatedOnToolsVersion = 8.0;
						ProvisioningStyle = Automatic;
						TestTargetID = F0E65F761DA6FC2000A96A69;
					};
				};
			};
			buildConfigurationList = F0E65F721DA6FC2000A96A69 /* Build configuration list for PBXProject "iAlhanNew" */;
			compatibilityVersion = "Xcode 3.2";
			developmentRegion = English;
			hasScannedForEncodings = 0;
			knownRegions = (
				en,
				Base,
			);
			mainGroup = F0E65F6E1DA6FC2000A96A69;
			productRefGroup = F0E65F781DA6FC2000A96A69 /* Products */;
			projectDirPath = "";
			projectRoot = "";
			targets = (
				F0E65F761DA6FC2000A96A69 /* iAlhanNew */,
				F0E65F8A1DA6FC2100A96A69 /* iAlhanNewTests */,
				F0E65F951DA6FC2100A96A69 /* iAlhanNewUITests */,
			);
		};
/* End PBXProject section */

/* Begin PBXResourcesBuildPhase section */
		F0E65F751DA6FC2000A96A69 /* Resources */ = {
			isa = PBXResourcesBuildPhase;
			buildActionMask = 2147483647;
			files = (
				F0E65F851DA6FC2100A96A69 /* LaunchScreen.storyboard in Resources */,
				F0E65F821DA6FC2100A96A69 /* Assets.xcassets in Resources */,
				F0E65F801DA6FC2100A96A69 /* Main.storyboard in Resources */,
			);
			runOnlyForDeploymentPostprocessing = 0;
		};
		F0E65F891DA6FC2100A96A69 /* Resources */ = {
			isa = PBXResourcesBuildPhase;
			buildActionMask = 2147483647;
			files = (
			);
			runOnlyForDeploymentPostprocessing = 0;
		};
		F0E65F941DA6FC2100A96A69 /* Resources */ = {
			isa = PBXResourcesBuildPhase;
			buildActionMask = 2147483647;
			files = (
			);
			runOnlyForDeploymentPostprocessing = 0;
		};
/* End PBXResourcesBuildPhase section */

/* Begin PBXSourcesBuildPhase section */
		F0E65F731DA6FC2000A96A69 /* Sources */ = {
			isa = PBXSourcesBuildPhase;
			buildActionMask = 2147483647;
			files = (
				F0E65F7D1DA6FC2100A96A69 /* ViewController.swift in Sources */,
				F0E65F7B1DA6FC2000A96A69 /* AppDelegate.swift in Sources */,
			);
			runOnlyForDeploymentPostprocessing = 0;
		};
		F0E65F871DA6FC2100A96A69 /* Sources */ = {
			isa = PBXSourcesBuildPhase;
			buildActionMask = 2147483647;
			files = (
				F0E65F901DA6FC2100A96A69 /* iAlhanNewTests.swift in Sources */,
			);
			runOnlyForDeploymentPostprocessing = 0;
		};
		F0E65F921DA6FC2100A96A69 /* Sources */ = {
			isa = PBXSourcesBuildPhase;
			buildActionMask = 2147483647;
			files = (
				F0E65F9B1DA6FC2100A96A69 /* iAlhanNewUITests.swift in Sources */,
			);
			runOnlyForDeploymentPostprocessing = 0;
		};
/* End PBXSourcesBuildPhase section */

/* Begin PBXTargetDependency section */
		F0E65F8D1DA6FC2100A96A69 /* PBXTargetDependency */ = {
			isa = PBXTargetDependency;
			target = F0E65F761DA6FC2000A96A69 /* iAlhanNew */;
			targetProxy = F0E65F8C1DA6FC2100A96A69 /* PBXContainerItemProxy */;
		};
		F0E65F981DA6FC2100A96A69 /* PBXTargetDependency */ = {
			isa = PBXTargetDependency;
			target = F0E65F761DA6FC2000A96A69 /* iAlhanNew */;
			targetProxy = F0E65F971DA6FC2100A96A69 /* PBXContainerItemProxy */;
		};
/* End PBXTargetDependency section */

/* Begin PBXVariantGroup section */
		F0E65F7E1DA6FC2100A96A69 /* Main.storyboard */ = {
			isa = PBXVariantGroup;
			children = (
				F0E65F7F1DA6FC2100A96A69 /* Base */,
			);
			name = Main.storyboard;
			sourceTree = "<group>";
		};
		F0E65F831DA6FC2100A96A69 /* LaunchScreen.storyboard */ = {
			isa = PBXVariantGroup;
			children = (
				F0E65F841DA6FC2100A96A69 /* Base */,
			);
			name = LaunchScreen.storyboard;
			sourceTree = "<group>";
		};
/* End PBXVariantGroup section */

/* Begin XCBuildConfiguration section */
		F0E65F9D1DA6FC2100A96A69 /* Debug */ = {
			isa = XCBuildConfiguration;
			buildSettings = {
				ALWAYS_SEARCH_USER_PATHS = NO;
				CLANG_ANALYZER_NONNULL = YES;
				CLANG_CXX_LANGUAGE_STANDARD = "gnu++0x";
				CLANG_CXX_LIBRARY = "libc++";
				CLANG_ENABLE_MODULES = YES;
				CLANG_ENABLE_OBJC_ARC = YES;
				CLANG_WARN_BOOL_CONVERSION = YES;
				CLANG_WARN_CONSTANT_CONVERSION = YES;
				CLANG_WARN_DIRECT_OBJC_ISA_USAGE = YES_ERROR;
				CLANG_WARN_DOCUMENTATION_COMMENTS = YES;
				CLANG_WARN_EMPTY_BODY = YES;
				CLANG_WARN_ENUM_CONVERSION = YES;
				CLANG_WARN_INFINITE_RECURSION = YES;
				CLANG_WARN_INT_CONVERSION = YES;
				CLANG_WARN_OBJC_ROOT_CLASS = YES_ERROR;
				CLANG_WARN_SUSPICIOUS_MOVES = YES;
				CLANG_WARN_UNREACHABLE_CODE = YES;
				CLANG_WARN__DUPLICATE_METHOD_MATCH = YES;
				"CODE_SIGN_IDENTITY[sdk=iphoneos*]" = "iPhone Developer";
				COPY_PHASE_STRIP = NO;
				DEBUG_INFORMATION_FORMAT = dwarf;
				ENABLE_STRICT_OBJC_MSGSEND = YES;
				ENABLE_TESTABILITY = YES;
				GCC_C_LANGUAGE_STANDARD = gnu99;
				GCC_DYNAMIC_NO_PIC = NO;
				GCC_NO_COMMON_BLOCKS = YES;
				GCC_OPTIMIZATION_LEVEL = 0;
				GCC_PREPROCESSOR_DEFINITIONS = (
					"DEBUG=1",
					"$(inherited)",
				);
				GCC_WARN_64_TO_32_BIT_CONVERSION = YES;
				GCC_WARN_ABOUT_RETURN_TYPE = YES_ERROR;
				GCC_WARN_UNDECLARED_SELECTOR = YES;
				GCC_WARN_UNINITIALIZED_AUTOS = YES_AGGRESSIVE;
				GCC_WARN_UNUSED_FUNCTION = YES;
				GCC_WARN_UNUSED_VARIABLE = YES;
				IPHONEOS_DEPLOYMENT_TARGET = 10.0;
				MTL_ENABLE_DEBUG_INFO = YES;
				ONLY_ACTIVE_ARCH = YES;
				SDKROOT = iphoneos;
				SWIFT_ACTIVE_COMPILATION_CONDITIONS = DEBUG;
				SWIFT_OPTIMIZATION_LEVEL = "-Onone";
				TARGETED_DEVICE_FAMILY = "1,2";
			};
			name = Debug;
		};
		F0E65F9E1DA6FC2100A96A69 /* Release */ = {
			isa = XCBuildConfiguration;
			buildSettings = {
				ALWAYS_SEARCH_USER_PATHS = NO;
				CLANG_ANALYZER_NONNULL = YES;
				CLANG_CXX_LANGUAGE_STANDARD = "gnu++0x";
				CLANG_CXX_LIBRARY = "libc++";
				CLANG_ENABLE_MODULES = YES;
				CLANG_ENABLE_OBJC_ARC = YES;
				CLANG_WARN_BOOL_CONVERSION = YES;
				CLANG_WARN_CONSTANT_CONVERSION = YES;
				CLANG_WARN_DIRECT_OBJC_ISA_USAGE = YES_ERROR;
				CLANG_WARN_DOCUMENTATION_COMMENTS = YES;
				CLANG_WARN_EMPTY_BODY = YES;
				CLANG_WARN_ENUM_CONVERSION = YES;
				CLANG_WARN_INFINITE_RECURSION = YES;
				CLANG_WARN_INT_CONVERSION = YES;
				CLANG_WARN_OBJC_ROOT_CLASS = YES_ERROR;
				CLANG_WARN_SUSPICIOUS_MOVES = YES;
				CLANG_WARN_UNREACHABLE_CODE = YES;
				CLANG_WARN__DUPLICATE_METHOD_MATCH = YES;
				"CODE_SIGN_IDENTITY[sdk=iphoneos*]" = "iPhone Developer";
				COPY_PHASE_STRIP = NO;
				DEBUG_INFORMATION_FORMAT = "dwarf-with-dsym";
				ENABLE_NS_ASSERTIONS = NO;
				ENABLE_STRICT_OBJC_MSGSEND = YES;
				GCC_C_LANGUAGE_STANDARD = gnu99;
				GCC_NO_COMMON_BLOCKS = YES;
				GCC_WARN_64_TO_32_BIT_CONVERSION = YES;
				GCC_WARN_ABOUT_RETURN_TYPE = YES_ERROR;
				GCC_WARN_UNDECLARED_SELECTOR = YES;
				GCC_WARN_UNINITIALIZED_AUTOS = YES_AGGRESSIVE;
				GCC_WARN_UNUSED_FUNCTION = YES;
				GCC_WARN_UNUSED_VARIABLE = YES;
				IPHONEOS_DEPLOYMENT_TARGET = 10.0;
				MTL_ENABLE_DEBUG_INFO = NO;
				SDKROOT = iphoneos;
				SWIFT_OPTIMIZATION_LEVEL = "-Owholemodule";
				TARGETED_DEVICE_FAMILY = "1,2";
				VALIDATE_PRODUCT = YES;
			};
			name = Release;
		};
		F0E65FA01DA6FC2100A96A69 /* Debug */ = {
			isa = XCBuildConfiguration;
			buildSettings = {
				ASSETCATALOG_COMPILER_APPICON_NAME = AppIcon;
				INFOPLIST_FILE = iAlhanNew/Info.plist;
				LD_RUNPATH_SEARCH_PATHS = "$(inherited) @executable_path/Frameworks";
				PRODUCT_BUNDLE_IDENTIFIER = alhan.org.iAlhanNew;
				PRODUCT_NAME = "$(TARGET_NAME)";
				SWIFT_VERSION = 3.0;
			};
			name = Debug;
		};
		F0E65FA11DA6FC2100A96A69 /* Release */ = {
			isa = XCBuildConfiguration;
			buildSettings = {
				ASSETCATALOG_COMPILER_APPICON_NAME = AppIcon;
				INFOPLIST_FILE = iAlhanNew/Info.plist;
				LD_RUNPATH_SEARCH_PATHS = "$(inherited) @executable_path/Frameworks";
				PRODUCT_BUNDLE_IDENTIFIER = alhan.org.iAlhanNew;
				PRODUCT_NAME = "$(TARGET_NAME)";
				SWIFT_VERSION = 3.0;
			};
			name = Release;
		};
		F0E65FA31DA6FC2100A96A69 /* Debug */ = {
			isa = XCBuildConfiguration;
			buildSettings = {
				ALWAYS_EMBED_SWIFT_STANDARD_LIBRARIES = YES;
				BUNDLE_LOADER = "$(TEST_HOST)";
				INFOPLIST_FILE = iAlhanNewTests/Info.plist;
				LD_RUNPATH_SEARCH_PATHS = "$(inherited) @executable_path/Frameworks @loader_path/Frameworks";
				PRODUCT_BUNDLE_IDENTIFIER = alhan.org.iAlhanNewTests;
				PRODUCT_NAME = "$(TARGET_NAME)";
				SWIFT_VERSION = 3.0;
				TEST_HOST = "$(BUILT_PRODUCTS_DIR)/iAlhanNew.app/iAlhanNew";
			};
			name = Debug;
		};
		F0E65FA41DA6FC2100A96A69 /* Release */ = {
			isa = XCBuildConfiguration;
			buildSettings = {
				ALWAYS_EMBED_SWIFT_STANDARD_LIBRARIES = YES;
				BUNDLE_LOADER = "$(TEST_HOST)";
				INFOPLIST_FILE = iAlhanNewTests/Info.plist;
				LD_RUNPATH_SEARCH_PATHS = "$(inherited) @executable_path/Frameworks @loader_path/Frameworks";
				PRODUCT_BUNDLE_IDENTIFIER = alhan.org.iAlhanNewTests;
				PRODUCT_NAME = "$(TARGET_NAME)";
				SWIFT_VERSION = 3.0;
				TEST_HOST = "$(BUILT_PRODUCTS_DIR)/iAlhanNew.app/iAlhanNew";
			};
			name = Release;
		};
		F0E65FA61DA6FC2100A96A69 /* Debug */ = {
			isa = XCBuildConfiguration;
			buildSettings = {
				ALWAYS_EMBED_SWIFT_STANDARD_LIBRARIES = YES;
				INFOPLIST_FILE = iAlhanNewUITests/Info.plist;
				LD_RUNPATH_SEARCH_PATHS = "$(inherited) @executable_path/Frameworks @loader_path/Frameworks";
				PRODUCT_BUNDLE_IDENTIFIER = alhan.org.iAlhanNewUITests;
				PRODUCT_NAME = "$(TARGET_NAME)";
				SWIFT_VERSION = 3.0;
				TEST_TARGET_NAME = iAlhanNew;
			};
			name = Debug;
		};
		F0E65FA71DA6FC2100A96A69 /* Release */ = {
			isa = XCBuildConfiguration;
			buildSettings = {
				ALWAYS_EMBED_SWIFT_STANDARD_LIBRARIES = YES;
				INFOPLIST_FILE = iAlhanNewUITests/Info.plist;
				LD_RUNPATH_SEARCH_PATHS = "$(inherited) @executable_path/Frameworks @loader_path/Frameworks";
				PRODUCT_BUNDLE_IDENTIFIER = alhan.org.iAlhanNewUITests;
				PRODUCT_NAME = "$(TARGET_NAME)";
				SWIFT_VERSION = 3.0;
				TEST_TARGET_NAME = iAlhanNew;
			};
			name = Release;
		};
/* End XCBuildConfiguration section */

/* Begin XCConfigurationList section */
		F0E65F721DA6FC2000A96A69 /* Build configuration list for PBXProject "iAlhanNew" */ = {
			isa = XCConfigurationList;
			buildConfigurations = (
				F0E65F9D1DA6FC2100A96A69 /* Debug */,
				F0E65F9E1DA6FC2100A96A69 /* Release */,
			);
			defaultConfigurationIsVisible = 0;
			defaultConfigurationName = Release;
		};
		F0E65F9F1DA6FC2100A96A69 /* Build configuration list for PBXNativeTarget "iAlhanNew" */ = {
			isa = XCConfigurationList;
			buildConfigurations = (
				F0E65FA01DA6FC2100A96A69 /* Debug */,
				F0E65FA11DA6FC2100A96A69 /* Release */,
			);
			defaultConfigurationIsVisible = 0;
		};
		F0E65FA21DA6FC2100A96A69 /* Build configuration list for PBXNativeTarget "iAlhanNewTests" */ = {
			isa = XCConfigurationList;
			buildConfigurations = (
				F0E65FA31DA6FC2100A96A69 /* Debug */,
				F0E65FA41DA6FC2100A96A69 /* Release */,
			);
			defaultConfigurationIsVisible = 0;
		};
		F0E65FA51DA6FC2100A96A69 /* Build configuration list for PBXNativeTarget "iAlhanNewUITests" */ = {
			isa = XCConfigurationList;
			buildConfigurations = (
				F0E65FA61DA6FC2100A96A69 /* Debug */,
				F0E65FA71DA6FC2100A96A69 /* Release */,
			);
			defaultConfigurationIsVisible = 0;
		};
/* End XCConfigurationList section */
	};
	rootObject = F0E65F6F1DA6FC2000A96A69 /* Project object */;
}
